
Microsoft Visual Studio Solution File, Format Version 12.00
# Visual Studio Version 17
VisualStudioVersion = 17.12.35514.174 d17.12
MinimumVisualStudioVersion = 10.0.40219.1
Project("{FAE04EC0-301F-11D3-BF4B-00C04F79EFBC}") = "PokeLite", "PokeLite\PokeLite.csproj", "{837CBE04-6606-4802-BC53-E615811660EC}"
EndProject
Global
	GlobalSection(SolutionConfigurationPlatforms) = preSolution
		Debug|Any CPU = Debug|Any CPU
		Release|Any CPU = Release|Any CPU
	EndGlobalSection
	GlobalSection(ProjectConfigurationPlatforms) = postSolution
		{837CBE04-6606-4802-BC53-E615811660EC}.Debug|Any CPU.ActiveCfg = Debug|Any CPU
		{837CBE04-6606-4802-BC53-E615811660EC}.Debug|Any CPU.Build.0 = Debug|Any CPU
		{837CBE04-6606-4802-BC53-E615811660EC}.Release|Any CPU.ActiveCfg = Release|Any CPU
		{837CBE04-6606-4802-BC53-E615811660EC}.Release|Any CPU.Build.0 = Release|Any CPU
	EndGlobalSection
	GlobalSection(SolutionProperties) = preSolution
		HideSolutionNode = FALSE
	EndGlobalSection
EndGlobal
